
Microsoft Visual Studio Solution File, Format Version 12.00
# Visual Studio Version 16
VisualStudioVersion = 16.0.31515.178
MinimumVisualStudioVersion = 10.0.40219.1
Project("{9A19103F-16F7-4668-BE54-9A1E7A4F7556}") = "OffLogs.Client", "OffLogs.Client\OffLogs.Client.csproj", "{D608D790-DDB7-4347-9F94-EC839E167359}"
EndProject
Project("{9A19103F-16F7-4668-BE54-9A1E7A4F7556}") = "Offlogs.Client.Tests", "Offlogs.Client.Tests\Offlogs.Client.Tests.csproj", "{4481FB10-6906-47E0-9438-71BD8436A859}"
EndProject
Project("{FAE04EC0-301F-11D3-BF4B-00C04F79EFBC}") = "OffLogs.Client.AspNetCore", "OffLogs.Client.AspNetCore\OffLogs.Client.AspNetCore.csproj", "{2E9F0C39-C7E1-4882-B7B1-5F133BEF2F82}"
EndProject
Project("{2150E333-8FDC-42A3-9474-1A3956D46DE8}") = "Environment", "Environment", "{92183F86-86E9-4374-9053-D12E13F02316}"
EndProject
Project("{FAE04EC0-301F-11D3-BF4B-00C04F79EFBC}") = "Offlogs.Client.TestApp.AspNetCore3", "Offlogs.Client.TestApp.AspNetCore3\Offlogs.Client.TestApp.AspNetCore3.csproj", "{1D247B0E-D7FC-42A2-882C-C70F3E3F6E62}"
EndProject
Global
	GlobalSection(SolutionConfigurationPlatforms) = preSolution
		Debug|Any CPU = Debug|Any CPU
		Release|Any CPU = Release|Any CPU
	EndGlobalSection
	GlobalSection(ProjectConfigurationPlatforms) = postSolution
		{D608D790-DDB7-4347-9F94-EC839E167359}.Debug|Any CPU.ActiveCfg = Debug|Any CPU
		{D608D790-DDB7-4347-9F94-EC839E167359}.Debug|Any CPU.Build.0 = Debug|Any CPU
		{D608D790-DDB7-4347-9F94-EC839E167359}.Release|Any CPU.ActiveCfg = Release|Any CPU
		{D608D790-DDB7-4347-9F94-EC839E167359}.Release|Any CPU.Build.0 = Release|Any CPU
		{4481FB10-6906-47E0-9438-71BD8436A859}.Debug|Any CPU.ActiveCfg = Debug|Any CPU
		{4481FB10-6906-47E0-9438-71BD8436A859}.Debug|Any CPU.Build.0 = Debug|Any CPU
		{4481FB10-6906-47E0-9438-71BD8436A859}.Release|Any CPU.ActiveCfg = Release|Any CPU
		{4481FB10-6906-47E0-9438-71BD8436A859}.Release|Any CPU.Build.0 = Release|Any CPU
		{2E9F0C39-C7E1-4882-B7B1-5F133BEF2F82}.Debug|Any CPU.ActiveCfg = Debug|Any CPU
		{2E9F0C39-C7E1-4882-B7B1-5F133BEF2F82}.Debug|Any CPU.Build.0 = Debug|Any CPU
		{2E9F0C39-C7E1-4882-B7B1-5F133BEF2F82}.Release|Any CPU.ActiveCfg = Release|Any CPU
		{2E9F0C39-C7E1-4882-B7B1-5F133BEF2F82}.Release|Any CPU.Build.0 = Release|Any CPU
		{1D247B0E-D7FC-42A2-882C-C70F3E3F6E62}.Debug|Any CPU.ActiveCfg = Debug|Any CPU
		{1D247B0E-D7FC-42A2-882C-C70F3E3F6E62}.Debug|Any CPU.Build.0 = Debug|Any CPU
		{1D247B0E-D7FC-42A2-882C-C70F3E3F6E62}.Release|Any CPU.ActiveCfg = Release|Any CPU
		{1D247B0E-D7FC-42A2-882C-C70F3E3F6E62}.Release|Any CPU.Build.0 = Release|Any CPU
	EndGlobalSection
	GlobalSection(SolutionProperties) = preSolution
		HideSolutionNode = FALSE
	EndGlobalSection
	GlobalSection(NestedProjects) = preSolution
		{1D247B0E-D7FC-42A2-882C-C70F3E3F6E62} = {92183F86-86E9-4374-9053-D12E13F02316}
	EndGlobalSection
	GlobalSection(ExtensibilityGlobals) = postSolution
		SolutionGuid = {294100A1-2313-4CA3-8C4E-DC3A9E431835}
	EndGlobalSection
EndGlobal
